
Microsoft Visual Studio Solution File, Format Version 12.00
# Visual Studio 15
VisualStudioVersion = 15.0.28307.852
MinimumVisualStudioVersion = 10.0.40219.1
Project("{F184B08F-C81C-45F6-A57F-5ABD9991F28F}") = "time_scheduler", "time_scheduler\time_scheduler.vbproj", "{AF778768-78DA-432A-8375-2AA0E97EF431}"
EndProject
Global
	GlobalSection(SolutionConfigurationPlatforms) = preSolution
		Debug|Any CPU = Debug|Any CPU
		Release|Any CPU = Release|Any CPU
	EndGlobalSection
	GlobalSection(ProjectConfigurationPlatforms) = postSolution
		{AF778768-78DA-432A-8375-2AA0E97EF431}.Debug|Any CPU.ActiveCfg = Debug|Any CPU
		{AF778768-78DA-432A-8375-2AA0E97EF431}.Debug|Any CPU.Build.0 = Debug|Any CPU
		{AF778768-78DA-432A-8375-2AA0E97EF431}.Release|Any CPU.ActiveCfg = Release|Any CPU
		{AF778768-78DA-432A-8375-2AA0E97EF431}.Release|Any CPU.Build.0 = Release|Any CPU
	EndGlobalSection
	GlobalSection(SolutionProperties) = preSolution
		HideSolutionNode = FALSE
	EndGlobalSection
	GlobalSection(ExtensibilityGlobals) = postSolution
		SolutionGuid = {BF7A8F60-EF7D-4DA8-84D3-D861E6EC1E11}
	EndGlobalSection
EndGlobal
